
Microsoft Visual Studio Solution File, Format Version 12.00
# Visual Studio Version 17
VisualStudioVersion = 17.8.34322.80
MinimumVisualStudioVersion = 10.0.40219.1
Project("{FAE04EC0-301F-11D3-BF4B-00C04F79EFBC}") = "updatelist", "updatelist.csproj", "{A8ADC037-DBFB-4021-9CF2-D14B0332CE34}"
EndProject
Global
	GlobalSection(SolutionConfigurationPlatforms) = preSolution
		Debug|Any CPU = Debug|Any CPU
		Release|Any CPU = Release|Any CPU
	EndGlobalSection
	GlobalSection(ProjectConfigurationPlatforms) = postSolution
		{A8ADC037-DBFB-4021-9CF2-D14B0332CE34}.Debug|Any CPU.ActiveCfg = Debug|Any CPU
		{A8ADC037-DBFB-4021-9CF2-D14B0332CE34}.Debug|Any CPU.Build.0 = Debug|Any CPU
		{A8ADC037-DBFB-4021-9CF2-D14B0332CE34}.Release|Any CPU.ActiveCfg = Release|Any CPU
		{A8ADC037-DBFB-4021-9CF2-D14B0332CE34}.Release|Any CPU.Build.0 = Release|Any CPU
	EndGlobalSection
	GlobalSection(SolutionProperties) = preSolution
		HideSolutionNode = FALSE
	EndGlobalSection
	GlobalSection(ExtensibilityGlobals) = postSolution
		SolutionGuid = {39FBD18C-B1A1-4BE3-9C67-0FDB1A0ADD79}
	EndGlobalSection
EndGlobal
