
Microsoft Visual Studio Solution File, Format Version 12.00
# Visual Studio Version 17
VisualStudioVersion = 17.5.33502.453
MinimumVisualStudioVersion = 10.0.40219.1
Project("{FAE04EC0-301F-11D3-BF4B-00C04F79EFBC}") = "array", "array\array.csproj", "{D4C9D481-773B-4349-9760-041298949A48}"
EndProject
Global
	GlobalSection(SolutionConfigurationPlatforms) = preSolution
		Debug|Any CPU = Debug|Any CPU
		Release|Any CPU = Release|Any CPU
	EndGlobalSection
	GlobalSection(ProjectConfigurationPlatforms) = postSolution
		{D4C9D481-773B-4349-9760-041298949A48}.Debug|Any CPU.ActiveCfg = Debug|Any CPU
		{D4C9D481-773B-4349-9760-041298949A48}.Debug|Any CPU.Build.0 = Debug|Any CPU
		{D4C9D481-773B-4349-9760-041298949A48}.Release|Any CPU.ActiveCfg = Release|Any CPU
		{D4C9D481-773B-4349-9760-041298949A48}.Release|Any CPU.Build.0 = Release|Any CPU
	EndGlobalSection
	GlobalSection(SolutionProperties) = preSolution
		HideSolutionNode = FALSE
	EndGlobalSection
	GlobalSection(ExtensibilityGlobals) = postSolution
		SolutionGuid = {3DEEC807-7CD1-4724-ABD4-1F4933231F98}
	EndGlobalSection
EndGlobal
