
Microsoft Visual Studio Solution File, Format Version 12.00
# Visual Studio Version 17
VisualStudioVersion = 17.8.34525.116
MinimumVisualStudioVersion = 10.0.40219.1
Project("{FAE04EC0-301F-11D3-BF4B-00C04F79EFBC}") = "studentregistrationformwithimageuploading", "studentregistrationformwithimageuploading.csproj", "{898A229A-F4F7-44A1-83DE-982246B82C26}"
EndProject
Project("{54435603-DBB4-11D2-8724-00A0C9A8B90C}") = "Setup1", "..\Setup1\Setup1.vdproj", "{40BBF849-93F4-4A64-BED1-3CDA4297ABDA}"
EndProject
Global
	GlobalSection(SolutionConfigurationPlatforms) = preSolution
		All|Any CPU = All|Any CPU
		Debug|Any CPU = Debug|Any CPU
		Release|Any CPU = Release|Any CPU
	EndGlobalSection
	GlobalSection(ProjectConfigurationPlatforms) = postSolution
		{898A229A-F4F7-44A1-83DE-982246B82C26}.All|Any CPU.ActiveCfg = Release|Any CPU
		{898A229A-F4F7-44A1-83DE-982246B82C26}.All|Any CPU.Build.0 = Release|Any CPU
		{898A229A-F4F7-44A1-83DE-982246B82C26}.Debug|Any CPU.ActiveCfg = Debug|Any CPU
		{898A229A-F4F7-44A1-83DE-982246B82C26}.Debug|Any CPU.Build.0 = Debug|Any CPU
		{898A229A-F4F7-44A1-83DE-982246B82C26}.Release|Any CPU.ActiveCfg = Release|Any CPU
		{898A229A-F4F7-44A1-83DE-982246B82C26}.Release|Any CPU.Build.0 = Release|Any CPU
		{40BBF849-93F4-4A64-BED1-3CDA4297ABDA}.All|Any CPU.ActiveCfg = Debug
		{40BBF849-93F4-4A64-BED1-3CDA4297ABDA}.Debug|Any CPU.ActiveCfg = Debug
		{40BBF849-93F4-4A64-BED1-3CDA4297ABDA}.Release|Any CPU.ActiveCfg = Release
	EndGlobalSection
	GlobalSection(SolutionProperties) = preSolution
		HideSolutionNode = FALSE
	EndGlobalSection
	GlobalSection(ExtensibilityGlobals) = postSolution
		SolutionGuid = {15762F6C-377B-40AE-9B26-C4F77379CD75}
	EndGlobalSection
EndGlobal
