
Microsoft Visual Studio Solution File, Format Version 12.00
# Visual Studio Version 17
VisualStudioVersion = 17.8.34322.80
MinimumVisualStudioVersion = 10.0.40219.1
Project("{FAE04EC0-301F-11D3-BF4B-00C04F79EFBC}") = "Link_Label", "Link_Label.csproj", "{F92AB14C-7A0B-47A0-8B36-E3A9E8E1E476}"
EndProject
Global
	GlobalSection(SolutionConfigurationPlatforms) = preSolution
		Debug|Any CPU = Debug|Any CPU
		Release|Any CPU = Release|Any CPU
	EndGlobalSection
	GlobalSection(ProjectConfigurationPlatforms) = postSolution
		{F92AB14C-7A0B-47A0-8B36-E3A9E8E1E476}.Debug|Any CPU.ActiveCfg = Debug|Any CPU
		{F92AB14C-7A0B-47A0-8B36-E3A9E8E1E476}.Debug|Any CPU.Build.0 = Debug|Any CPU
		{F92AB14C-7A0B-47A0-8B36-E3A9E8E1E476}.Release|Any CPU.ActiveCfg = Release|Any CPU
		{F92AB14C-7A0B-47A0-8B36-E3A9E8E1E476}.Release|Any CPU.Build.0 = Release|Any CPU
	EndGlobalSection
	GlobalSection(SolutionProperties) = preSolution
		HideSolutionNode = FALSE
	EndGlobalSection
	GlobalSection(ExtensibilityGlobals) = postSolution
		SolutionGuid = {B7A5D1E1-B1D3-4659-BD00-FBC8BF92D57E}
	EndGlobalSection
EndGlobal
